
Microsoft Visual Studio Solution File, Format Version 12.00
# Visual Studio Version 16
VisualStudioVersion = 16.0.31005.135
MinimumVisualStudioVersion = 10.0.40219.1
Project("{FAE04EC0-301F-11D3-BF4B-00C04F79EFBC}") = "Caesar_Algorithm", "Caesar_Algorithm\Caesar_Algorithm.csproj", "{3E494DBA-8AB2-4FF3-9641-FDA843B9B2D4}"
EndProject
Global
	GlobalSection(SolutionConfigurationPlatforms) = preSolution
		Debug|Any CPU = Debug|Any CPU
		Release|Any CPU = Release|Any CPU
	EndGlobalSection
	GlobalSection(ProjectConfigurationPlatforms) = postSolution
		{3E494DBA-8AB2-4FF3-9641-FDA843B9B2D4}.Debug|Any CPU.ActiveCfg = Debug|Any CPU
		{3E494DBA-8AB2-4FF3-9641-FDA843B9B2D4}.Debug|Any CPU.Build.0 = Debug|Any CPU
		{3E494DBA-8AB2-4FF3-9641-FDA843B9B2D4}.Release|Any CPU.ActiveCfg = Release|Any CPU
		{3E494DBA-8AB2-4FF3-9641-FDA843B9B2D4}.Release|Any CPU.Build.0 = Release|Any CPU
	EndGlobalSection
	GlobalSection(SolutionProperties) = preSolution
		HideSolutionNode = FALSE
	EndGlobalSection
	GlobalSection(ExtensibilityGlobals) = postSolution
		SolutionGuid = {95BD0BF9-544B-4C4F-981B-030C380DA53A}
	EndGlobalSection
EndGlobal
